<?xml version="1.0" encoding="utf-8"?>
<Project ToolsVersion="4.0" xmlns="http://schemas.microsoft.com/developer/msbuild/2003">
  <ItemGroup>
    <Filter Include="Source Files">
      <UniqueIdentifier>{4FC737F1-C7A5-4376-A066-2A32D752A2FF}</UniqueIdentifier>
      <Extensions>cpp;c;cc;cxx;c++;cppm;ixx;def;odl;idl;hpj;bat;asm;asmx</Extensions>
    </Filter>
    <Filter Include="Header Files">
      <UniqueIdentifier>{93995380-89BD-4b04-88EB-625FBE52EBFB}</UniqueIdentifier>
      <Extensions>h;hh;hpp;hxx;h++;hm;inl;inc;ipp;xsd</Extensions>
    </Filter>
    <Filter Include="Resource Files">
      <UniqueIdentifier>{67DA6AB6-F800-4c08-8B7A-83BB121AAD01}</UniqueIdentifier>
      <Extensions>rc;ico;cur;bmp;dlg;rc2;rct;bin;rgs;gif;jpg;jpeg;jpe;resx;tiff;tif;png;wav;mfcribbon-ms</Extensions>
    </Filter>
    <Filter Include="Testing">
      <UniqueIdentifier>{ce62a041-718e-4235-921c-75bbf871dbd2}</UniqueIdentifier>
    </Filter>
  </ItemGroup>
  <ItemGroup>
    <ClCompile Include="source\vec.cpp">
      <Filter>Source Files</Filter>
    </ClCompile>
    <ClCompile Include="source\Collision.cpp">
      <Filter>Source Files</Filter>
    </ClCompile>
    <ClCompile Include="source\Perlin.cpp">
      <Filter>Source Files</Filter>
    </ClCompile>
  </ItemGroup>
  <ItemGroup>
    <ClInclude Include="include\vfMath\Math.hpp">
      <Filter>Header Files</Filter>
    </ClInclude>
    <ClInclude Include="include\vfMath\swizzle.hpp">
      <Filter>Header Files</Filter>
    </ClInclude>
    <ClInclude Include="include\vfMath\vec.hpp">
      <Filter>Header Files</Filter>
    </ClInclude>
    <ClInclude Include="include\vfMath\vec2f.hpp">
      <Filter>Header Files</Filter>
    </ClInclude>
    <ClInclude Include="include\vfMath\vec2i.hpp">
      <Filter>Header Files</Filter>
    </ClInclude>
    <ClInclude Include="include\vfMath\vec4f.hpp">
      <Filter>Header Files</Filter>
    </ClInclude>
    <ClInclude Include="include\vfMath\vec4i.hpp">
      <Filter>Header Files</Filter>
    </ClInclude>
    <ClInclude Include="include\vfMath\VectorMath.hpp">
      <Filter>Header Files</Filter>
    </ClInclude>
    <ClInclude Include="include\vfMath\mat2x2.hpp">
      <Filter>Header Files</Filter>
    </ClInclude>
    <ClInclude Include="include\vfMath\mat4x4.hpp">
      <Filter>Header Files</Filter>
    </ClInclude>
    <ClInclude Include="include\vfMath\MatrixMath.hpp">
      <Filter>Header Files</Filter>
    </ClInclude>
    <ClInclude Include="include\vfMath\quaternion.hpp">
      <Filter>Header Files</Filter>
    </ClInclude>
    <ClInclude Include="include\vfMath\QuatMath.hpp">
      <Filter>Header Files</Filter>
    </ClInclude>
    <ClInclude Include="include\vfMath\EulerMath.hpp">
      <Filter>Header Files</Filter>
    </ClInclude>
    <ClInclude Include="include\vfMath\Collision.hpp">
      <Filter>Header Files</Filter>
    </ClInclude>
    <ClInclude Include="include\vfMath\Curves.hpp">
      <Filter>Header Files</Filter>
    </ClInclude>
    <ClInclude Include="include\vfMath\Perlin.hpp">
      <Filter>Header Files</Filter>
    </ClInclude>
    <ClInclude Include="include\vfMath\euler.hpp">
      <Filter>Header Files</Filter>
    </ClInclude>
    <ClInclude Include="include\vfMath\format.hpp">
      <Filter>Header Files</Filter>
    </ClInclude>
    <ClInclude Include="include\vfMath\Transform2D.hpp">
      <Filter>Header Files</Filter>
    </ClInclude>
    <ClInclude Include="include\vfMath\Transform3D.hpp">
      <Filter>Header Files</Filter>
    </ClInclude>
    <ClInclude Include="include\vfMath\Physics.hpp">
      <Filter>Header Files</Filter>
    </ClInclude>
    <ClInclude Include="include\vfMath\Operations.hpp">
      <Filter>Header Files</Filter>
    </ClInclude>
    <ClInclude Include="include\vfMath\PrimitiveTypes.hpp">
      <Filter>Header Files</Filter>
    </ClInclude>
  </ItemGroup>
</Project>